
Microsoft Visual Studio Solution File, Format Version 12.00
# Visual Studio Version 16
VisualStudioVersion = 16.0.29519.181
MinimumVisualStudioVersion = 10.0.40219.1
Project("{8BC9CEB8-8B4A-11D0-8D11-00A0C91BC942}") = "Lambda", "..\Lambda\Lambda.vcxproj", "{9264D6C8-0A16-42AA-8B28-FCFEBB27CB17}"
EndProject
Project("{8BC9CEB8-8B4A-11D0-8D11-00A0C91BC942}") = "StandardAlgorithms", "..\StandardAlgorithms\StandardAlgorithms.vcxproj", "{76F3B5C2-3ECB-46B1-A9BA-2AA293C3BF38}"
EndProject
Project("{8BC9CEB8-8B4A-11D0-8D11-00A0C91BC942}") = "StandardContainers", "..\StandardContainers\StandardContainers.vcxproj", "{6B155926-BE7C-4341-AE1D-A451BC01329B}"
EndProject
Project("{8BC9CEB8-8B4A-11D0-8D11-00A0C91BC942}") = "EmbraceMove", "..\EmbraceMove\EmbraceMove.vcxproj", "{7618A7BD-DA25-4549-8717-7989261A1D48}"
EndProject
Project("{8BC9CEB8-8B4A-11D0-8D11-00A0C91BC942}") = "FollowStyleRules", "..\FollowStyleRules\FollowStyleRules.vcxproj", "{4506C831-EDF6-4EC4-9E59-378079D1A962}"
EndProject
Global
	GlobalSection(SolutionConfigurationPlatforms) = preSolution
		Debug|x64 = Debug|x64
		Debug|x86 = Debug|x86
		Release|x64 = Release|x64
		Release|x86 = Release|x86
	EndGlobalSection
	GlobalSection(ProjectConfigurationPlatforms) = postSolution
		{9264D6C8-0A16-42AA-8B28-FCFEBB27CB17}.Debug|x64.ActiveCfg = Debug|x64
		{9264D6C8-0A16-42AA-8B28-FCFEBB27CB17}.Debug|x64.Build.0 = Debug|x64
		{9264D6C8-0A16-42AA-8B28-FCFEBB27CB17}.Debug|x86.ActiveCfg = Debug|Win32
		{9264D6C8-0A16-42AA-8B28-FCFEBB27CB17}.Debug|x86.Build.0 = Debug|Win32
		{9264D6C8-0A16-42AA-8B28-FCFEBB27CB17}.Release|x64.ActiveCfg = Release|x64
		{9264D6C8-0A16-42AA-8B28-FCFEBB27CB17}.Release|x64.Build.0 = Release|x64
		{9264D6C8-0A16-42AA-8B28-FCFEBB27CB17}.Release|x86.ActiveCfg = Release|Win32
		{9264D6C8-0A16-42AA-8B28-FCFEBB27CB17}.Release|x86.Build.0 = Release|Win32
		{76F3B5C2-3ECB-46B1-A9BA-2AA293C3BF38}.Debug|x64.ActiveCfg = Debug|x64
		{76F3B5C2-3ECB-46B1-A9BA-2AA293C3BF38}.Debug|x64.Build.0 = Debug|x64
		{76F3B5C2-3ECB-46B1-A9BA-2AA293C3BF38}.Debug|x86.ActiveCfg = Debug|Win32
		{76F3B5C2-3ECB-46B1-A9BA-2AA293C3BF38}.Debug|x86.Build.0 = Debug|Win32
		{76F3B5C2-3ECB-46B1-A9BA-2AA293C3BF38}.Release|x64.ActiveCfg = Release|x64
		{76F3B5C2-3ECB-46B1-A9BA-2AA293C3BF38}.Release|x64.Build.0 = Release|x64
		{76F3B5C2-3ECB-46B1-A9BA-2AA293C3BF38}.Release|x86.ActiveCfg = Release|Win32
		{76F3B5C2-3ECB-46B1-A9BA-2AA293C3BF38}.Release|x86.Build.0 = Release|Win32
		{6B155926-BE7C-4341-AE1D-A451BC01329B}.Debug|x64.ActiveCfg = Debug|x64
		{6B155926-BE7C-4341-AE1D-A451BC01329B}.Debug|x64.Build.0 = Debug|x64
		{6B155926-BE7C-4341-AE1D-A451BC01329B}.Debug|x86.ActiveCfg = Debug|Win32
		{6B155926-BE7C-4341-AE1D-A451BC01329B}.Debug|x86.Build.0 = Debug|Win32
		{6B155926-BE7C-4341-AE1D-A451BC01329B}.Release|x64.ActiveCfg = Release|x64
		{6B155926-BE7C-4341-AE1D-A451BC01329B}.Release|x64.Build.0 = Release|x64
		{6B155926-BE7C-4341-AE1D-A451BC01329B}.Release|x86.ActiveCfg = Release|Win32
		{6B155926-BE7C-4341-AE1D-A451BC01329B}.Release|x86.Build.0 = Release|Win32
		{7618A7BD-DA25-4549-8717-7989261A1D48}.Debug|x64.ActiveCfg = Debug|x64
		{7618A7BD-DA25-4549-8717-7989261A1D48}.Debug|x64.Build.0 = Debug|x64
		{7618A7BD-DA25-4549-8717-7989261A1D48}.Debug|x86.ActiveCfg = Debug|Win32
		{7618A7BD-DA25-4549-8717-7989261A1D48}.Debug|x86.Build.0 = Debug|Win32
		{7618A7BD-DA25-4549-8717-7989261A1D48}.Release|x64.ActiveCfg = Release|x64
		{7618A7BD-DA25-4549-8717-7989261A1D48}.Release|x64.Build.0 = Release|x64
		{7618A7BD-DA25-4549-8717-7989261A1D48}.Release|x86.ActiveCfg = Release|Win32
		{7618A7BD-DA25-4549-8717-7989261A1D48}.Release|x86.Build.0 = Release|Win32
		{4506C831-EDF6-4EC4-9E59-378079D1A962}.Debug|x64.ActiveCfg = Debug|x64
		{4506C831-EDF6-4EC4-9E59-378079D1A962}.Debug|x64.Build.0 = Debug|x64
		{4506C831-EDF6-4EC4-9E59-378079D1A962}.Debug|x86.ActiveCfg = Debug|Win32
		{4506C831-EDF6-4EC4-9E59-378079D1A962}.Debug|x86.Build.0 = Debug|Win32
		{4506C831-EDF6-4EC4-9E59-378079D1A962}.Release|x64.ActiveCfg = Release|x64
		{4506C831-EDF6-4EC4-9E59-378079D1A962}.Release|x64.Build.0 = Release|x64
		{4506C831-EDF6-4EC4-9E59-378079D1A962}.Release|x86.ActiveCfg = Release|Win32
		{4506C831-EDF6-4EC4-9E59-378079D1A962}.Release|x86.Build.0 = Release|Win32
	EndGlobalSection
	GlobalSection(SolutionProperties) = preSolution
		HideSolutionNode = FALSE
	EndGlobalSection
	GlobalSection(ExtensibilityGlobals) = postSolution
		SolutionGuid = {30ACD967-F83F-4A50-A899-AED588B8C233}
	EndGlobalSection
EndGlobal
